# This file was autogenerated by Stack.
# You should not edit this file by hand.
# For more information, please see the documentation at:
#   https://docs.haskellstack.org/en/stable/lock_files

packages:
- completed:
    hackage: emoji-0.1.0.2@sha256:d995572a5c7dcd28f98eb15c6e387a7b3bda1ac2477ab0d9dba8580d5d7b161f,1273
    pantry-tree:
      size: 437
      sha256: dd9ea90a631342e5db0fc21331ade4d563a685e9125d5a3989eefa8e1b96c6c6
  original:
    hackage: emoji-0.1.0.2
- completed:
    name: discord-haskell
    version: 1.8.0
    git: https://github.com/dantiel/discord-haskell.git
    pantry-tree:
      size: 2501
      sha256: a2077fb638cfdfc9a2b14ba4660c0923b4dcd863ddd00037745f740c746f2a77
    commit: 8e1988edaf9b39cc27f44c966e16a33d1ead7a35
  original:
    git: https://github.com/dantiel/discord-haskell.git
    commit: 8e1988edaf9b39cc27f44c966e16a33d1ead7a35
snapshots:
- completed:
    size: 532832
    url: https://raw.githubusercontent.com/commercialhaskell/stackage-snapshots/master/lts/16/23.yaml
    sha256: fbb2a0519008533924c7753bd7164ddd1009f09504eb06674acad6049b46db09
  original:
    url: https://raw.githubusercontent.com/commercialhaskell/stackage-snapshots/master/lts/16/23.yaml
